
Microsoft Visual Studio Solution File, Format Version 12.00
# Visual Studio Version 16
VisualStudioVersion = 16.0.31613.86
MinimumVisualStudioVersion = 10.0.40219.1
Project("{8BC9CEB8-8B4A-11D0-8D11-00A0C91BC942}") = "thread", "thread.vcxproj", "{D18D6BCC-48D6-482F-9B1E-F43C27BF0A84}"
EndProject
Global
	GlobalSection(SolutionConfigurationPlatforms) = preSolution
		Debug|x64 = Debug|x64
		Debug|x86 = Debug|x86
		Release|x64 = Release|x64
		Release|x86 = Release|x86
	EndGlobalSection
	GlobalSection(ProjectConfigurationPlatforms) = postSolution
		{D18D6BCC-48D6-482F-9B1E-F43C27BF0A84}.Debug|x64.ActiveCfg = Debug|x64
		{D18D6BCC-48D6-482F-9B1E-F43C27BF0A84}.Debug|x64.Build.0 = Debug|x64
		{D18D6BCC-48D6-482F-9B1E-F43C27BF0A84}.Debug|x86.ActiveCfg = Debug|Win32
		{D18D6BCC-48D6-482F-9B1E-F43C27BF0A84}.Debug|x86.Build.0 = Debug|Win32
		{D18D6BCC-48D6-482F-9B1E-F43C27BF0A84}.Release|x64.ActiveCfg = Release|x64
		{D18D6BCC-48D6-482F-9B1E-F43C27BF0A84}.Release|x64.Build.0 = Release|x64
		{D18D6BCC-48D6-482F-9B1E-F43C27BF0A84}.Release|x86.ActiveCfg = Release|Win32
		{D18D6BCC-48D6-482F-9B1E-F43C27BF0A84}.Release|x86.Build.0 = Release|Win32
	EndGlobalSection
	GlobalSection(SolutionProperties) = preSolution
		HideSolutionNode = FALSE
	EndGlobalSection
	GlobalSection(ExtensibilityGlobals) = postSolution
		SolutionGuid = {F9277308-FCE9-4988-B00A-20C045757B6B}
	EndGlobalSection
EndGlobal
